// !$*UTF8*$!
{
	archiveVersion = 1;
	classes = {
	};
	objectVersion = 56;
	objects = {

/* Begin PBXBuildFile section */
		075B5EDD29813FF9000ED108 /* SearchResultViewController.swift in Sources */ = {isa = PBXBuildFile; fileRef = 075B5EDC29813FF9000ED108 /* SearchResultViewController.swift */; };
		075B5EDF29814A00000ED108 /* SearchResultTableViewCell.swift in Sources */ = {isa = PBXBuildFile; fileRef = 075B5EDE29814A00000ED108 /* SearchResultTableViewCell.swift */; };
		0765B1F829224832009AC8A8 /* AppDelegate.swift in Sources */ = {isa = PBXBuildFile; fileRef = 0765B1F729224832009AC8A8 /* AppDelegate.swift */; };
		0765B1FA29224832009AC8A8 /* SceneDelegate.swift in Sources */ = {isa = PBXBuildFile; fileRef = 0765B1F929224832009AC8A8 /* SceneDelegate.swift */; };
		0765B1FC29224832009AC8A8 /* MainViewController.swift in Sources */ = {isa = PBXBuildFile; fileRef = 0765B1FB29224832009AC8A8 /* MainViewController.swift */; };
		0765B20129224833009AC8A8 /* Assets.xcassets in Resources */ = {isa = PBXBuildFile; fileRef = 0765B20029224833009AC8A8 /* Assets.xcassets */; };
		0765B20429224833009AC8A8 /* LaunchScreen.storyboard in Resources */ = {isa = PBXBuildFile; fileRef = 0765B20229224833009AC8A8 /* LaunchScreen.storyboard */; };
		0765B20D29226FE0009AC8A8 /* IQKeyboardManagerSwift in Frameworks */ = {isa = PBXBuildFile; productRef = 0765B20C29226FE0009AC8A8 /* IQKeyboardManagerSwift */; };
		0765B20F292271EC009AC8A8 /* Main.storyboard in Resources */ = {isa = PBXBuildFile; fileRef = 0765B1FD29224832009AC8A8 /* Main.storyboard */; };
		0765B213292272E8009AC8A8 /* SettingViewController.swift in Sources */ = {isa = PBXBuildFile; fileRef = 0765B212292272E8009AC8A8 /* SettingViewController.swift */; };
		0765B21529227312009AC8A8 /* SearchViewController.swift in Sources */ = {isa = PBXBuildFile; fileRef = 0765B21429227312009AC8A8 /* SearchViewController.swift */; };
		0765B2182923CC1A009AC8A8 /* SnapKit in Frameworks */ = {isa = PBXBuildFile; productRef = 0765B2172923CC1A009AC8A8 /* SnapKit */; };
		0765B21A292B898C009AC8A8 /* TutorialViewController.swift in Sources */ = {isa = PBXBuildFile; fileRef = 0765B219292B898C009AC8A8 /* TutorialViewController.swift */; };
		0765B21D292B90D0009AC8A8 /* searchMockUpCut.png in Resources */ = {isa = PBXBuildFile; fileRef = 0765B21B292B90D0009AC8A8 /* searchMockUpCut.png */; };
		0765B21E292B90D0009AC8A8 /* mainMockUpCut.png in Resources */ = {isa = PBXBuildFile; fileRef = 0765B21C292B90D0009AC8A8 /* mainMockUpCut.png */; };
		0799C59C2934C7C000E3FDC7 /* AuthCheckViewController.swift in Sources */ = {isa = PBXBuildFile; fileRef = 0799C59B2934C7C000E3FDC7 /* AuthCheckViewController.swift */; };
		07B0400E294A440D00D5E3B6 /* WeatherModel.swift in Sources */ = {isa = PBXBuildFile; fileRef = 07B0400D294A440D00D5E3B6 /* WeatherModel.swift */; };
		07B04010294CB38000D5E3B6 /* UILabelSpacing.swift in Sources */ = {isa = PBXBuildFile; fileRef = 07B0400F294CB38000D5E3B6 /* UILabelSpacing.swift */; };
		07B92759293BE08F009601F5 /* PreviewUI.swift in Sources */ = {isa = PBXBuildFile; fileRef = 07B92758293BE08F009601F5 /* PreviewUI.swift */; };
		07B9275E293BE274009601F5 /* MainView.swift in Sources */ = {isa = PBXBuildFile; fileRef = 07B9275D293BE274009601F5 /* MainView.swift */; };
		07B9278D293E2529009601F5 /* WeatherKitManager.swift in Sources */ = {isa = PBXBuildFile; fileRef = 07B9278C293E2529009601F5 /* WeatherKitManager.swift */; };
		07E71C682943ABB000D4C56C /* CurrentWeatherView.swift in Sources */ = {isa = PBXBuildFile; fileRef = 07E71C672943ABB000D4C56C /* CurrentWeatherView.swift */; };
		07E71C6C2943ABCF00D4C56C /* DailyTableViewCell.swift in Sources */ = {isa = PBXBuildFile; fileRef = 07E71C6B2943ABCF00D4C56C /* DailyTableViewCell.swift */; };
		07E71C6E2943DDF600D4C56C /* HourlyCollectionViewCell.swift in Sources */ = {isa = PBXBuildFile; fileRef = 07E71C6D2943DDF600D4C56C /* HourlyCollectionViewCell.swift */; };
/* End PBXBuildFile section */

/* Begin PBXFileReference section */
		075B5EDC29813FF9000ED108 /* SearchResultViewController.swift */ = {isa = PBXFileReference; lastKnownFileType = sourcecode.swift; path = SearchResultViewController.swift; sourceTree = "<group>"; };
		075B5EDE29814A00000ED108 /* SearchResultTableViewCell.swift */ = {isa = PBXFileReference; lastKnownFileType = sourcecode.swift; path = SearchResultTableViewCell.swift; sourceTree = "<group>"; };
		0765B1F429224832009AC8A8 /* weatherApp.app */ = {isa = PBXFileReference; explicitFileType = wrapper.application; includeInIndex = 0; path = weatherApp.app; sourceTree = BUILT_PRODUCTS_DIR; };
		0765B1F729224832009AC8A8 /* AppDelegate.swift */ = {isa = PBXFileReference; lastKnownFileType = sourcecode.swift; path = AppDelegate.swift; sourceTree = "<group>"; };
		0765B1F929224832009AC8A8 /* SceneDelegate.swift */ = {isa = PBXFileReference; lastKnownFileType = sourcecode.swift; path = SceneDelegate.swift; sourceTree = "<group>"; };
		0765B1FB29224832009AC8A8 /* MainViewController.swift */ = {isa = PBXFileReference; lastKnownFileType = sourcecode.swift; path = MainViewController.swift; sourceTree = "<group>"; };
		0765B1FE29224832009AC8A8 /* Base */ = {isa = PBXFileReference; lastKnownFileType = file.storyboard; name = Base; path = Base.lproj/Main.storyboard; sourceTree = "<group>"; };
		0765B20029224833009AC8A8 /* Assets.xcassets */ = {isa = PBXFileReference; lastKnownFileType = folder.assetcatalog; path = Assets.xcassets; sourceTree = "<group>"; };
		0765B20329224833009AC8A8 /* Base */ = {isa = PBXFileReference; lastKnownFileType = file.storyboard; name = Base; path = Base.lproj/LaunchScreen.storyboard; sourceTree = "<group>"; };
		0765B20529224833009AC8A8 /* Info.plist */ = {isa = PBXFileReference; lastKnownFileType = text.plist.xml; path = Info.plist; sourceTree = "<group>"; };
		0765B212292272E8009AC8A8 /* SettingViewController.swift */ = {isa = PBXFileReference; lastKnownFileType = sourcecode.swift; path = SettingViewController.swift; sourceTree = "<group>"; };
		0765B21429227312009AC8A8 /* SearchViewController.swift */ = {isa = PBXFileReference; lastKnownFileType = sourcecode.swift; path = SearchViewController.swift; sourceTree = "<group>"; };
		0765B219292B898C009AC8A8 /* TutorialViewController.swift */ = {isa = PBXFileReference; lastKnownFileType = sourcecode.swift; path = TutorialViewController.swift; sourceTree = "<group>"; };
		0765B21B292B90D0009AC8A8 /* searchMockUpCut.png */ = {isa = PBXFileReference; lastKnownFileType = image.png; path = searchMockUpCut.png; sourceTree = "<group>"; };
		0765B21C292B90D0009AC8A8 /* mainMockUpCut.png */ = {isa = PBXFileReference; lastKnownFileType = image.png; path = mainMockUpCut.png; sourceTree = "<group>"; };
		0799C59B2934C7C000E3FDC7 /* AuthCheckViewController.swift */ = {isa = PBXFileReference; lastKnownFileType = sourcecode.swift; path = AuthCheckViewController.swift; sourceTree = "<group>"; };
		07B0400D294A440D00D5E3B6 /* WeatherModel.swift */ = {isa = PBXFileReference; lastKnownFileType = sourcecode.swift; path = WeatherModel.swift; sourceTree = "<group>"; };
		07B0400F294CB38000D5E3B6 /* UILabelSpacing.swift */ = {isa = PBXFileReference; lastKnownFileType = sourcecode.swift; path = UILabelSpacing.swift; sourceTree = "<group>"; };
		07B92758293BE08F009601F5 /* PreviewUI.swift */ = {isa = PBXFileReference; lastKnownFileType = sourcecode.swift; path = PreviewUI.swift; sourceTree = "<group>"; };
		07B9275D293BE274009601F5 /* MainView.swift */ = {isa = PBXFileReference; lastKnownFileType = sourcecode.swift; path = MainView.swift; sourceTree = "<group>"; };
		07B9278A293E23C2009601F5 /* weatherApp.entitlements */ = {isa = PBXFileReference; lastKnownFileType = text.plist.entitlements; path = weatherApp.entitlements; sourceTree = "<group>"; };
		07B9278C293E2529009601F5 /* WeatherKitManager.swift */ = {isa = PBXFileReference; lastKnownFileType = sourcecode.swift; path = WeatherKitManager.swift; sourceTree = "<group>"; };
		07E71C672943ABB000D4C56C /* CurrentWeatherView.swift */ = {isa = PBXFileReference; lastKnownFileType = sourcecode.swift; path = CurrentWeatherView.swift; sourceTree = "<group>"; };
		07E71C6B2943ABCF00D4C56C /* DailyTableViewCell.swift */ = {isa = PBXFileReference; lastKnownFileType = sourcecode.swift; path = DailyTableViewCell.swift; sourceTree = "<group>"; };
		07E71C6D2943DDF600D4C56C /* HourlyCollectionViewCell.swift */ = {isa = PBXFileReference; lastKnownFileType = sourcecode.swift; path = HourlyCollectionViewCell.swift; sourceTree = "<group>"; };
/* End PBXFileReference section */

/* Begin PBXFrameworksBuildPhase section */
		0765B1F129224832009AC8A8 /* Frameworks */ = {
			isa = PBXFrameworksBuildPhase;
			buildActionMask = 2147483647;
			files = (
				0765B20D29226FE0009AC8A8 /* IQKeyboardManagerSwift in Frameworks */,
				0765B2182923CC1A009AC8A8 /* SnapKit in Frameworks */,
			);
			runOnlyForDeploymentPostprocessing = 0;
		};
/* End PBXFrameworksBuildPhase section */

/* Begin PBXGroup section */
		0765B1EB29224832009AC8A8 = {
			isa = PBXGroup;
			children = (
				0765B1F629224832009AC8A8 /* weatherApp */,
				0765B1F529224832009AC8A8 /* Products */,
			);
			sourceTree = "<group>";
		};
		0765B1F529224832009AC8A8 /* Products */ = {
			isa = PBXGroup;
			children = (
				0765B1F429224832009AC8A8 /* weatherApp.app */,
			);
			name = Products;
			sourceTree = "<group>";
		};
		0765B1F629224832009AC8A8 /* weatherApp */ = {
			isa = PBXGroup;
			children = (
				07B9278A293E23C2009601F5 /* weatherApp.entitlements */,
				0765B1F729224832009AC8A8 /* AppDelegate.swift */,
				0765B1F929224832009AC8A8 /* SceneDelegate.swift */,
				07B92757293BE07D009601F5 /* Extensions */,
				07B9278B293E24EF009601F5 /* Model */,
				07B9275B293BE1AB009601F5 /* View */,
				07B9275C293BE1CF009601F5 /* Controller */,
				0765B20229224833009AC8A8 /* LaunchScreen.storyboard */,
				0765B1FD29224832009AC8A8 /* Main.storyboard */,
				0765B20029224833009AC8A8 /* Assets.xcassets */,
				0765B21C292B90D0009AC8A8 /* mainMockUpCut.png */,
				0765B21B292B90D0009AC8A8 /* searchMockUpCut.png */,
				0765B20529224833009AC8A8 /* Info.plist */,
			);
			path = weatherApp;
			sourceTree = "<group>";
		};
		07B92757293BE07D009601F5 /* Extensions */ = {
			isa = PBXGroup;
			children = (
				07B92758293BE08F009601F5 /* PreviewUI.swift */,
				07B0400F294CB38000D5E3B6 /* UILabelSpacing.swift */,
			);
			path = Extensions;
			sourceTree = "<group>";
		};
		07B9275B293BE1AB009601F5 /* View */ = {
			isa = PBXGroup;
			children = (
				07B9275D293BE274009601F5 /* MainView.swift */,
				07E71C672943ABB000D4C56C /* CurrentWeatherView.swift */,
				07E71C6D2943DDF600D4C56C /* HourlyCollectionViewCell.swift */,
				07E71C6B2943ABCF00D4C56C /* DailyTableViewCell.swift */,
				075B5EDE29814A00000ED108 /* SearchResultTableViewCell.swift */,
			);
			path = View;
			sourceTree = "<group>";
		};
		07B9275C293BE1CF009601F5 /* Controller */ = {
			isa = PBXGroup;
			children = (
				0765B219292B898C009AC8A8 /* TutorialViewController.swift */,
				0799C59B2934C7C000E3FDC7 /* AuthCheckViewController.swift */,
				0765B1FB29224832009AC8A8 /* MainViewController.swift */,
				0765B21429227312009AC8A8 /* SearchViewController.swift */,
				075B5EDC29813FF9000ED108 /* SearchResultViewController.swift */,
				0765B212292272E8009AC8A8 /* SettingViewController.swift */,
			);
			path = Controller;
			sourceTree = "<group>";
		};
		07B9278B293E24EF009601F5 /* Model */ = {
			isa = PBXGroup;
			children = (
				07B9278C293E2529009601F5 /* WeatherKitManager.swift */,
				07B0400D294A440D00D5E3B6 /* WeatherModel.swift */,
			);
			path = Model;
			sourceTree = "<group>";
		};
/* End PBXGroup section */

/* Begin PBXNativeTarget section */
		0765B1F329224832009AC8A8 /* weatherApp */ = {
			isa = PBXNativeTarget;
			buildConfigurationList = 0765B20829224833009AC8A8 /* Build configuration list for PBXNativeTarget "weatherApp" */;
			buildPhases = (
				0765B1F029224832009AC8A8 /* Sources */,
				0765B1F129224832009AC8A8 /* Frameworks */,
				0765B1F229224832009AC8A8 /* Resources */,
			);
			buildRules = (
			);
			dependencies = (
			);
			name = weatherApp;
			packageProductDependencies = (
				0765B20C29226FE0009AC8A8 /* IQKeyboardManagerSwift */,
				0765B2172923CC1A009AC8A8 /* SnapKit */,
			);
			productName = weatherApp;
			productReference = 0765B1F429224832009AC8A8 /* weatherApp.app */;
			productType = "com.apple.product-type.application";
		};
/* End PBXNativeTarget section */

/* Begin PBXProject section */
		0765B1EC29224832009AC8A8 /* Project object */ = {
			isa = PBXProject;
			attributes = {
				BuildIndependentTargetsInParallel = 1;
				LastSwiftUpdateCheck = 1400;
				LastUpgradeCheck = 1400;
				TargetAttributes = {
					0765B1F329224832009AC8A8 = {
						CreatedOnToolsVersion = 14.0.1;
					};
				};
			};
			buildConfigurationList = 0765B1EF29224832009AC8A8 /* Build configuration list for PBXProject "weatherApp" */;
			compatibilityVersion = "Xcode 14.0";
			developmentRegion = en;
			hasScannedForEncodings = 0;
			knownRegions = (
				en,
				Base,
			);
			mainGroup = 0765B1EB29224832009AC8A8;
			packageReferences = (
				0765B20B29226FE0009AC8A8 /* XCRemoteSwiftPackageReference "IQKeyboardManager" */,
				0765B2162923CC1A009AC8A8 /* XCRemoteSwiftPackageReference "SnapKit" */,
			);
			productRefGroup = 0765B1F529224832009AC8A8 /* Products */;
			projectDirPath = "";
			projectRoot = "";
			targets = (
				0765B1F329224832009AC8A8 /* weatherApp */,
			);
		};
/* End PBXProject section */

/* Begin PBXResourcesBuildPhase section */
		0765B1F229224832009AC8A8 /* Resources */ = {
			isa = PBXResourcesBuildPhase;
			buildActionMask = 2147483647;
			files = (
				0765B20F292271EC009AC8A8 /* Main.storyboard in Resources */,
				0765B20429224833009AC8A8 /* LaunchScreen.storyboard in Resources */,
				0765B21E292B90D0009AC8A8 /* mainMockUpCut.png in Resources */,
				0765B20129224833009AC8A8 /* Assets.xcassets in Resources */,
				0765B21D292B90D0009AC8A8 /* searchMockUpCut.png in Resources */,
			);
			runOnlyForDeploymentPostprocessing = 0;
		};
/* End PBXResourcesBuildPhase section */

/* Begin PBXSourcesBuildPhase section */
		0765B1F029224832009AC8A8 /* Sources */ = {
			isa = PBXSourcesBuildPhase;
			buildActionMask = 2147483647;
			files = (
				0765B213292272E8009AC8A8 /* SettingViewController.swift in Sources */,
				07B9275E293BE274009601F5 /* MainView.swift in Sources */,
				0765B1FC29224832009AC8A8 /* MainViewController.swift in Sources */,
				075B5EDF29814A00000ED108 /* SearchResultTableViewCell.swift in Sources */,
				07E71C682943ABB000D4C56C /* CurrentWeatherView.swift in Sources */,
				0799C59C2934C7C000E3FDC7 /* AuthCheckViewController.swift in Sources */,
				0765B21529227312009AC8A8 /* SearchViewController.swift in Sources */,
				0765B1F829224832009AC8A8 /* AppDelegate.swift in Sources */,
				07E71C6E2943DDF600D4C56C /* HourlyCollectionViewCell.swift in Sources */,
				07B92759293BE08F009601F5 /* PreviewUI.swift in Sources */,
				07E71C6C2943ABCF00D4C56C /* DailyTableViewCell.swift in Sources */,
				07B0400E294A440D00D5E3B6 /* WeatherModel.swift in Sources */,
				0765B21A292B898C009AC8A8 /* TutorialViewController.swift in Sources */,
				0765B1FA29224832009AC8A8 /* SceneDelegate.swift in Sources */,
				07B9278D293E2529009601F5 /* WeatherKitManager.swift in Sources */,
				075B5EDD29813FF9000ED108 /* SearchResultViewController.swift in Sources */,
				07B04010294CB38000D5E3B6 /* UILabelSpacing.swift in Sources */,
			);
			runOnlyForDeploymentPostprocessing = 0;
		};
/* End PBXSourcesBuildPhase section */

/* Begin PBXVariantGroup section */
		0765B1FD29224832009AC8A8 /* Main.storyboard */ = {
			isa = PBXVariantGroup;
			children = (
				0765B1FE29224832009AC8A8 /* Base */,
			);
			name = Main.storyboard;
			sourceTree = "<group>";
		};
		0765B20229224833009AC8A8 /* LaunchScreen.storyboard */ = {
			isa = PBXVariantGroup;
			children = (
				0765B20329224833009AC8A8 /* Base */,
			);
			name = LaunchScreen.storyboard;
			sourceTree = "<group>";
		};
/* End PBXVariantGroup section */

/* Begin XCBuildConfiguration section */
		0765B20629224833009AC8A8 /* Debug */ = {
			isa = XCBuildConfiguration;
			buildSettings = {
				ALWAYS_SEARCH_USER_PATHS = NO;
				CLANG_ANALYZER_NONNULL = YES;
				CLANG_ANALYZER_NUMBER_OBJECT_CONVERSION = YES_AGGRESSIVE;
				CLANG_CXX_LANGUAGE_STANDARD = "gnu++20";
				CLANG_ENABLE_MODULES = YES;
				CLANG_ENABLE_OBJC_ARC = YES;
				CLANG_ENABLE_OBJC_WEAK = YES;
				CLANG_WARN_BLOCK_CAPTURE_AUTORELEASING = YES;
				CLANG_WARN_BOOL_CONVERSION = YES;
				CLANG_WARN_COMMA = YES;
				CLANG_WARN_CONSTANT_CONVERSION = YES;
				CLANG_WARN_DEPRECATED_OBJC_IMPLEMENTATIONS = YES;
				CLANG_WARN_DIRECT_OBJC_ISA_USAGE = YES_ERROR;
				CLANG_WARN_DOCUMENTATION_COMMENTS = YES;
				CLANG_WARN_EMPTY_BODY = YES;
				CLANG_WARN_ENUM_CONVERSION = YES;
				CLANG_WARN_INFINITE_RECURSION = YES;
				CLANG_WARN_INT_CONVERSION = YES;
				CLANG_WARN_NON_LITERAL_NULL_CONVERSION = YES;
				CLANG_WARN_OBJC_IMPLICIT_RETAIN_SELF = YES;
				CLANG_WARN_OBJC_LITERAL_CONVERSION = YES;
				CLANG_WARN_OBJC_ROOT_CLASS = YES_ERROR;
				CLANG_WARN_QUOTED_INCLUDE_IN_FRAMEWORK_HEADER = YES;
				CLANG_WARN_RANGE_LOOP_ANALYSIS = YES;
				CLANG_WARN_STRICT_PROTOTYPES = YES;
				CLANG_WARN_SUSPICIOUS_MOVE = YES;
				CLANG_WARN_UNGUARDED_AVAILABILITY = YES_AGGRESSIVE;
				CLANG_WARN_UNREACHABLE_CODE = YES;
				CLANG_WARN__DUPLICATE_METHOD_MATCH = YES;
				COPY_PHASE_STRIP = NO;
				DEBUG_INFORMATION_FORMAT = dwarf;
				ENABLE_STRICT_OBJC_MSGSEND = YES;
				ENABLE_TESTABILITY = YES;
				GCC_C_LANGUAGE_STANDARD = gnu11;
				GCC_DYNAMIC_NO_PIC = NO;
				GCC_NO_COMMON_BLOCKS = YES;
				GCC_OPTIMIZATION_LEVEL = 0;
				GCC_PREPROCESSOR_DEFINITIONS = (
					"DEBUG=1",
					"$(inherited)",
				);
				GCC_WARN_64_TO_32_BIT_CONVERSION = YES;
				GCC_WARN_ABOUT_RETURN_TYPE = YES_ERROR;
				GCC_WARN_UNDECLARED_SELECTOR = YES;
				GCC_WARN_UNINITIALIZED_AUTOS = YES_AGGRESSIVE;
				GCC_WARN_UNUSED_FUNCTION = YES;
				GCC_WARN_UNUSED_VARIABLE = YES;
				IPHONEOS_DEPLOYMENT_TARGET = 16.0;
				MTL_ENABLE_DEBUG_INFO = INCLUDE_SOURCE;
				MTL_FAST_MATH = YES;
				ONLY_ACTIVE_ARCH = YES;
				SDKROOT = iphoneos;
				SWIFT_ACTIVE_COMPILATION_CONDITIONS = DEBUG;
				SWIFT_OPTIMIZATION_LEVEL = "-Onone";
			};
			name = Debug;
		};
		0765B20729224833009AC8A8 /* Release */ = {
			isa = XCBuildConfiguration;
			buildSettings = {
				ALWAYS_SEARCH_USER_PATHS = NO;
				CLANG_ANALYZER_NONNULL = YES;
				CLANG_ANALYZER_NUMBER_OBJECT_CONVERSION = YES_AGGRESSIVE;
				CLANG_CXX_LANGUAGE_STANDARD = "gnu++20";
				CLANG_ENABLE_MODULES = YES;
				CLANG_ENABLE_OBJC_ARC = YES;
				CLANG_ENABLE_OBJC_WEAK = YES;
				CLANG_WARN_BLOCK_CAPTURE_AUTORELEASING = YES;
				CLANG_WARN_BOOL_CONVERSION = YES;
				CLANG_WARN_COMMA = YES;
				CLANG_WARN_CONSTANT_CONVERSION = YES;
				CLANG_WARN_DEPRECATED_OBJC_IMPLEMENTATIONS = YES;
				CLANG_WARN_DIRECT_OBJC_ISA_USAGE = YES_ERROR;
				CLANG_WARN_DOCUMENTATION_COMMENTS = YES;
				CLANG_WARN_EMPTY_BODY = YES;
				CLANG_WARN_ENUM_CONVERSION = YES;
				CLANG_WARN_INFINITE_RECURSION = YES;
				CLANG_WARN_INT_CONVERSION = YES;
				CLANG_WARN_NON_LITERAL_NULL_CONVERSION = YES;
				CLANG_WARN_OBJC_IMPLICIT_RETAIN_SELF = YES;
				CLANG_WARN_OBJC_LITERAL_CONVERSION = YES;
				CLANG_WARN_OBJC_ROOT_CLASS = YES_ERROR;
				CLANG_WARN_QUOTED_INCLUDE_IN_FRAMEWORK_HEADER = YES;
				CLANG_WARN_RANGE_LOOP_ANALYSIS = YES;
				CLANG_WARN_STRICT_PROTOTYPES = YES;
				CLANG_WARN_SUSPICIOUS_MOVE = YES;
				CLANG_WARN_UNGUARDED_AVAILABILITY = YES_AGGRESSIVE;
				CLANG_WARN_UNREACHABLE_CODE = YES;
				CLANG_WARN__DUPLICATE_METHOD_MATCH = YES;
				COPY_PHASE_STRIP = NO;
				DEBUG_INFORMATION_FORMAT = "dwarf-with-dsym";
				ENABLE_NS_ASSERTIONS = NO;
				ENABLE_STRICT_OBJC_MSGSEND = YES;
				GCC_C_LANGUAGE_STANDARD = gnu11;
				GCC_NO_COMMON_BLOCKS = YES;
				GCC_WARN_64_TO_32_BIT_CONVERSION = YES;
				GCC_WARN_ABOUT_RETURN_TYPE = YES_ERROR;
				GCC_WARN_UNDECLARED_SELECTOR = YES;
				GCC_WARN_UNINITIALIZED_AUTOS = YES_AGGRESSIVE;
				GCC_WARN_UNUSED_FUNCTION = YES;
				GCC_WARN_UNUSED_VARIABLE = YES;
				IPHONEOS_DEPLOYMENT_TARGET = 16.0;
				MTL_ENABLE_DEBUG_INFO = NO;
				MTL_FAST_MATH = YES;
				SDKROOT = iphoneos;
				SWIFT_COMPILATION_MODE = wholemodule;
				SWIFT_OPTIMIZATION_LEVEL = "-O";
				VALIDATE_PRODUCT = YES;
			};
			name = Release;
		};
		0765B20929224833009AC8A8 /* Debug */ = {
			isa = XCBuildConfiguration;
			buildSettings = {
				ASSETCATALOG_COMPILER_APPICON_NAME = AppIcon;
				ASSETCATALOG_COMPILER_GLOBAL_ACCENT_COLOR_NAME = AccentColor;
				CODE_SIGN_ENTITLEMENTS = weatherApp/weatherApp.entitlements;
				CODE_SIGN_STYLE = Automatic;
				CURRENT_PROJECT_VERSION = 1;
				DEVELOPMENT_TEAM = 7V2ZG69KPK;
				GENERATE_INFOPLIST_FILE = YES;
				INFOPLIST_FILE = weatherApp/Info.plist;
				INFOPLIST_KEY_CFBundleDisplayName = "날씨";
				INFOPLIST_KEY_LSApplicationCategoryType = "public.app-category.weather";
				INFOPLIST_KEY_NSLocationAlwaysAndWhenInUseUsageDescription = "사용자의 현재 위치를 기반으로 날씨를 확인합니다.";
				INFOPLIST_KEY_NSLocationWhenInUseUsageDescription = "사용자의 현재 위치를 기반으로 날씨를 확인합니다.";
				INFOPLIST_KEY_UIApplicationSupportsIndirectInputEvents = YES;
				INFOPLIST_KEY_UILaunchStoryboardName = LaunchScreen;
				INFOPLIST_KEY_UIMainStoryboardFile = Main;
				INFOPLIST_KEY_UISupportedInterfaceOrientations = UIInterfaceOrientationPortrait;
				INFOPLIST_KEY_UISupportedInterfaceOrientations_iPad = "UIInterfaceOrientationLandscapeLeft UIInterfaceOrientationLandscapeRight UIInterfaceOrientationPortrait UIInterfaceOrientationPortraitUpsideDown";
				IPHONEOS_DEPLOYMENT_TARGET = 16.0;
				LD_RUNPATH_SEARCH_PATHS = (
					"$(inherited)",
					"@executable_path/Frameworks",
				);
				MARKETING_VERSION = 1.0;
				PRODUCT_BUNDLE_IDENTIFIER = com.jade.weatherApp;
				PRODUCT_NAME = "$(TARGET_NAME)";
				SUPPORTED_PLATFORMS = "iphoneos iphonesimulator";
				SUPPORTS_MACCATALYST = NO;
				SUPPORTS_MAC_DESIGNED_FOR_IPHONE_IPAD = NO;
				SWIFT_EMIT_LOC_STRINGS = YES;
				SWIFT_VERSION = 5.0;
				TARGETED_DEVICE_FAMILY = 1;
			};
			name = Debug;
		};
		0765B20A29224833009AC8A8 /* Release */ = {
			isa = XCBuildConfiguration;
			buildSettings = {
				ASSETCATALOG_COMPILER_APPICON_NAME = AppIcon;
				ASSETCATALOG_COMPILER_GLOBAL_ACCENT_COLOR_NAME = AccentColor;
				CODE_SIGN_ENTITLEMENTS = weatherApp/weatherApp.entitlements;
				CODE_SIGN_STYLE = Automatic;
				CURRENT_PROJECT_VERSION = 1;
				DEVELOPMENT_TEAM = 7V2ZG69KPK;
				GENERATE_INFOPLIST_FILE = YES;
				INFOPLIST_FILE = weatherApp/Info.plist;
				INFOPLIST_KEY_CFBundleDisplayName = "날씨";
				INFOPLIST_KEY_LSApplicationCategoryType = "public.app-category.weather";
				INFOPLIST_KEY_NSLocationAlwaysAndWhenInUseUsageDescription = "사용자의 현재 위치를 기반으로 날씨를 확인합니다.";
				INFOPLIST_KEY_NSLocationWhenInUseUsageDescription = "사용자의 현재 위치를 기반으로 날씨를 확인합니다.";
				INFOPLIST_KEY_UIApplicationSupportsIndirectInputEvents = YES;
				INFOPLIST_KEY_UILaunchStoryboardName = LaunchScreen;
				INFOPLIST_KEY_UIMainStoryboardFile = Main;
				INFOPLIST_KEY_UISupportedInterfaceOrientations = UIInterfaceOrientationPortrait;
				INFOPLIST_KEY_UISupportedInterfaceOrientations_iPad = "UIInterfaceOrientationLandscapeLeft UIInterfaceOrientationLandscapeRight UIInterfaceOrientationPortrait UIInterfaceOrientationPortraitUpsideDown";
				IPHONEOS_DEPLOYMENT_TARGET = 16.0;
				LD_RUNPATH_SEARCH_PATHS = (
					"$(inherited)",
					"@executable_path/Frameworks",
				);
				MARKETING_VERSION = 1.0;
				PRODUCT_BUNDLE_IDENTIFIER = com.jade.weatherApp;
				PRODUCT_NAME = "$(TARGET_NAME)";
				SUPPORTED_PLATFORMS = "iphoneos iphonesimulator";
				SUPPORTS_MACCATALYST = NO;
				SUPPORTS_MAC_DESIGNED_FOR_IPHONE_IPAD = NO;
				SWIFT_EMIT_LOC_STRINGS = YES;
				SWIFT_VERSION = 5.0;
				TARGETED_DEVICE_FAMILY = 1;
			};
			name = Release;
		};
/* End XCBuildConfiguration section */

/* Begin XCConfigurationList section */
		0765B1EF29224832009AC8A8 /* Build configuration list for PBXProject "weatherApp" */ = {
			isa = XCConfigurationList;
			buildConfigurations = (
				0765B20629224833009AC8A8 /* Debug */,
				0765B20729224833009AC8A8 /* Release */,
			);
			defaultConfigurationIsVisible = 0;
			defaultConfigurationName = Release;
		};
		0765B20829224833009AC8A8 /* Build configuration list for PBXNativeTarget "weatherApp" */ = {
			isa = XCConfigurationList;
			buildConfigurations = (
				0765B20929224833009AC8A8 /* Debug */,
				0765B20A29224833009AC8A8 /* Release */,
			);
			defaultConfigurationIsVisible = 0;
			defaultConfigurationName = Release;
		};
/* End XCConfigurationList section */

/* Begin XCRemoteSwiftPackageReference section */
		0765B20B29226FE0009AC8A8 /* XCRemoteSwiftPackageReference "IQKeyboardManager" */ = {
			isa = XCRemoteSwiftPackageReference;
			repositoryURL = "https://github.com/hackiftekhar/IQKeyboardManager";
			requirement = {
				branch = master;
				kind = branch;
			};
		};
		0765B2162923CC1A009AC8A8 /* XCRemoteSwiftPackageReference "SnapKit" */ = {
			isa = XCRemoteSwiftPackageReference;
			repositoryURL = "https://github.com/SnapKit/SnapKit.git";
			requirement = {
				kind = upToNextMinorVersion;
				minimumVersion = 5.6.0;
			};
		};
/* End XCRemoteSwiftPackageReference section */

/* Begin XCSwiftPackageProductDependency section */
		0765B20C29226FE0009AC8A8 /* IQKeyboardManagerSwift */ = {
			isa = XCSwiftPackageProductDependency;
			package = 0765B20B29226FE0009AC8A8 /* XCRemoteSwiftPackageReference "IQKeyboardManager" */;
			productName = IQKeyboardManagerSwift;
		};
		0765B2172923CC1A009AC8A8 /* SnapKit */ = {
			isa = XCSwiftPackageProductDependency;
			package = 0765B2162923CC1A009AC8A8 /* XCRemoteSwiftPackageReference "SnapKit" */;
			productName = SnapKit;
		};
/* End XCSwiftPackageProductDependency section */
	};
	rootObject = 0765B1EC29224832009AC8A8 /* Project object */;
}
